# THIS IS AN AUTOGENERATED FILE. DO NOT EDIT THIS FILE DIRECTLY.
# yarn lockfile v1


"@bufbuild/connect-web@^0.13.0":
  version "0.13.0"
  resolved "https://registry.yarnpkg.com/@bufbuild/connect-web/-/connect-web-0.13.0.tgz#87301c92d49d3c3f9acb99729c2f7505d739aa4a"
  integrity sha512-Ys9VFDWYktD9yFQSLOlkpsD42LonDNMCysLCfjXFuxlupYuf4f7qg0zkT5bESyTfqk4xtRDSSGR3xygaj/ONIQ==
  dependencies:
    "@bufbuild/connect" "0.13.0"

"@bufbuild/connect@0.13.0":
  version "0.13.0"
  resolved "https://registry.yarnpkg.com/@bufbuild/connect/-/connect-0.13.0.tgz#97a84a2cac747c7a52d4421a3382d8d165f61c99"
  integrity sha512-eZSMbVLyUFtXiZNORgCEvv580xKZeYQdMOWj2i/nxOcpXQcrEzTMTA7SZzWv4k4gveWCOSRoWmYDeOhfWXJv0g==

"@bufbuild/protobuf@1":
  version "1.10.0"
  resolved "https://registry.yarnpkg.com/@bufbuild/protobuf/-/protobuf-1.10.0.tgz#1a67ac889c2d464a3492b3e54c38f80517963b16"
  integrity sha512-QDdVFLoN93Zjg36NoQPZfsVH9tZew7wKDKyV5qRdj8ntT4wQCOradQjRaTdwMhWUYsgKsvCINKKm87FdEk96Ag==

"@connectrpc/connect@^1.5.0":
  version "1.5.0"
  resolved "https://registry.yarnpkg.com/@connectrpc/connect/-/connect-1.5.0.tgz#5877336746c99f2d6cbdc11c77ff9bdfd2187883"
  integrity sha512-1gGg0M6c2Y3lnr5itis9dNj9r8hbOIuBMqoGSbUy7L7Vjw4MAttjJzJfj9HCDgytGCJkGanYEYI6MQVDijdVQw==

"@substreams/core@0.15.1", "@substreams/core@^0.15.1":
  version "0.15.1"
  resolved "https://registry.yarnpkg.com/@substreams/core/-/core-0.15.1.tgz#adc8379cfe34527a632bf219365088238fed5ff5"
  integrity sha512-zxk/KzSCaR3C+1La9I6tfLp2SJGEARxol8Mwa/wMNOsXUvsZ57Fhm515IYwoUO8HSdi/L+OwOpzjvb4NTJwSKA==

"@substreams/manifest@^0.14.1":
  version "0.14.1"
  resolved "https://registry.yarnpkg.com/@substreams/manifest/-/manifest-0.14.1.tgz#fba358dc129d5dab6761f51c6071eaa4d627f27e"
  integrity sha512-NKxNmiVki41wPGmGewQBkpzDc6HOMkK2JIZR4mPczSA3tRIxwiTcK027X5Na3mpaxJawbzAOHGSuJNbS+IBYJQ==
  dependencies:
    "@substreams/core" "0.15.1"

dotenv@^16.4.5:
  version "16.4.5"
  resolved "https://registry.yarnpkg.com/dotenv/-/dotenv-16.4.5.tgz#cdd3b3b604cb327e286b4762e13502f717cb099f"
  integrity sha512-ZmdL2rui+eB2YwhsWzjInR8LldtZHGDoQ1ugH85ppHKwpUHL7j7rN0Ti9NCnGiQbhaZ11FpR+7ao1dNsmduNUg==
